
Microsoft Visual Studio Solution File, Format Version 12.00
# Visual Studio 14
VisualStudioVersion = 14.0.25420.1
MinimumVisualStudioVersion = 10.0.40219.1
Project("{FAE04EC0-301F-11D3-BF4B-00C04F79EFBC}") = "FluentMigrator.UiEditor", "FluentMigrator.UiEditor\FluentMigrator.UiEditor.csproj", "{C9A777B4-ADB2-46D8-AB72-989C80E49460}"
EndProject
Project("{FAE04EC0-301F-11D3-BF4B-00C04F79EFBC}") = "FluentMigrator.UiEditor.Tests", "FluentMigrator.UiEditor.Tests\FluentMigrator.UiEditor.Tests.csproj", "{35073875-AF49-4F69-AD3F-6B9380B20542}"
EndProject
Project("{FAE04EC0-301F-11D3-BF4B-00C04F79EFBC}") = "TestLibraryWithMigrations", "TestLibraryWithMigrations\TestLibraryWithMigrations.csproj", "{64834B55-8A82-45EA-8E2D-82091DCBD158}"
EndProject
Global
	GlobalSection(SolutionConfigurationPlatforms) = preSolution
		Debug|Any CPU = Debug|Any CPU
		Release|Any CPU = Release|Any CPU
	EndGlobalSection
	GlobalSection(ProjectConfigurationPlatforms) = postSolution
		{C9A777B4-ADB2-46D8-AB72-989C80E49460}.Debug|Any CPU.ActiveCfg = Debug|Any CPU
		{C9A777B4-ADB2-46D8-AB72-989C80E49460}.Debug|Any CPU.Build.0 = Debug|Any CPU
		{C9A777B4-ADB2-46D8-AB72-989C80E49460}.Release|Any CPU.ActiveCfg = Release|Any CPU
		{C9A777B4-ADB2-46D8-AB72-989C80E49460}.Release|Any CPU.Build.0 = Release|Any CPU
		{35073875-AF49-4F69-AD3F-6B9380B20542}.Debug|Any CPU.ActiveCfg = Debug|Any CPU
		{35073875-AF49-4F69-AD3F-6B9380B20542}.Debug|Any CPU.Build.0 = Debug|Any CPU
		{35073875-AF49-4F69-AD3F-6B9380B20542}.Release|Any CPU.ActiveCfg = Release|Any CPU
		{35073875-AF49-4F69-AD3F-6B9380B20542}.Release|Any CPU.Build.0 = Release|Any CPU
		{64834B55-8A82-45EA-8E2D-82091DCBD158}.Debug|Any CPU.ActiveCfg = Debug|Any CPU
		{64834B55-8A82-45EA-8E2D-82091DCBD158}.Debug|Any CPU.Build.0 = Debug|Any CPU
		{64834B55-8A82-45EA-8E2D-82091DCBD158}.Release|Any CPU.ActiveCfg = Release|Any CPU
		{64834B55-8A82-45EA-8E2D-82091DCBD158}.Release|Any CPU.Build.0 = Release|Any CPU
	EndGlobalSection
	GlobalSection(SolutionProperties) = preSolution
		HideSolutionNode = FALSE
	EndGlobalSection
EndGlobal
